
Microsoft Visual Studio Solution File, Format Version 12.00
Project("{FAE04EC0-301F-11D3-BF4B-00C04F79EFBC}") = "CardGame", "CardGame\CardGame.csproj", "{8EE336BD-C45C-4DFB-8926-32C11606BBC1}"
EndProject
Global
	GlobalSection(SolutionConfigurationPlatforms) = preSolution
		Debug|Any CPU = Debug|Any CPU
		Release|Any CPU = Release|Any CPU
	EndGlobalSection
	GlobalSection(ProjectConfigurationPlatforms) = postSolution
		{8EE336BD-C45C-4DFB-8926-32C11606BBC1}.Debug|Any CPU.ActiveCfg = Debug|Any CPU
		{8EE336BD-C45C-4DFB-8926-32C11606BBC1}.Debug|Any CPU.Build.0 = Debug|Any CPU
		{8EE336BD-C45C-4DFB-8926-32C11606BBC1}.Release|Any CPU.ActiveCfg = Release|Any CPU
		{8EE336BD-C45C-4DFB-8926-32C11606BBC1}.Release|Any CPU.Build.0 = Release|Any CPU
	EndGlobalSection
EndGlobal
